{
  "name": "@shapeshift-labs/frontier-mutation",
  "version": "0.1.4",
  "lockfileVersion": 3,
  "requires": true,
  "packages": {
    "": {
      "name": "@shapeshift-labs/frontier-mutation",
      "version": "0.1.4",
      "license": "MIT",
      "devDependencies": {
        "@shapeshift-labs/frontier": "0.1.8",
        "@shapeshift-labs/frontier-query": "0.1.2",
        "typescript": "^6.0.3"
      },
      "peerDependencies": {
        "@shapeshift-labs/frontier": "0.1.8",
        "@shapeshift-labs/frontier-query": "0.1.2"
      }
    },
    "node_modules/@shapeshift-labs/frontier": {
      "version": "0.1.8",
      "resolved": "https://registry.npmjs.org/@shapeshift-labs/frontier/-/frontier-0.1.8.tgz",
      "integrity": "sha512-9XH1Pyk4N5vwzAVCsfhYPxolOIqYFSiqfncYoCaKkizCYwLeSVUFCUbBfko9pJv7JMPch1/PKEN9O/Qye4becA==",
      "dev": true,
      "license": "MIT",
      "engines": {
        "node": ">=18"
      }
    },
    "node_modules/@shapeshift-labs/frontier-query": {
      "version": "0.1.2",
      "resolved": "https://registry.npmjs.org/@shapeshift-labs/frontier-query/-/frontier-query-0.1.2.tgz",
      "integrity": "sha512-VniHZBfyFp2QAIATBCUQnQQ5sm8gwZWz4qLZ0OsEjxDP9a/6VKq5IjS/nf5jlv4tEwazbui0BePbto6rO8hZRw==",
      "dev": true,
      "license": "MIT",
      "engines": {
        "node": ">=18"
      }
    },
    "node_modules/typescript": {
      "version": "6.0.3",
      "dev": true,
      "license": "Apache-2.0",
      "bin": {
        "tsc": "bin/tsc",
        "tsserver": "bin/tsserver"
      },
      "engines": {
        "node": ">=14.17"
      }
    }
  }
}
